// !$*UTF8*$!
{
	archiveVersion = 1;
	classes = {
	};
	objectVersion = 48;
	objects = {

/* Begin PBXBuildFile section */
		DFE4571F204531CA00680A35 /* AppDelegate.swift in Sources */ = {isa = PBXBuildFile; fileRef = DFE4571E204531CA00680A35 /* AppDelegate.swift */; };
		DFE45721204531CA00680A35 /* ViewController.swift in Sources */ = {isa = PBXBuildFile; fileRef = DFE45720204531CA00680A35 /* ViewController.swift */; };
		DFE45724204531CA00680A35 /* Main.storyboard in Resources */ = {isa = PBXBuildFile; fileRef = DFE45722204531CA00680A35 /* Main.storyboard */; };
		DFE45726204531CA00680A35 /* Assets.xcassets in Resources */ = {isa = PBXBuildFile; fileRef = DFE45725204531CA00680A35 /* Assets.xcassets */; };
		DFE45729204531CA00680A35 /* LaunchScreen.storyboard in Resources */ = {isa = PBXBuildFile; fileRef = DFE45727204531CA00680A35 /* LaunchScreen.storyboard */; };
		DFE45731204534D700680A35 /* SiaChandelier.mp3 in Resources */ = {isa = PBXBuildFile; fileRef = DFE45730204534D700680A35 /* SiaChandelier.mp3 */; };
		DFE4575120453F4100680A35 /* videoplayer.png in Resources */ = {isa = PBXBuildFile; fileRef = DFE4575020453F4100680A35 /* videoplayer.png */; };
/* End PBXBuildFile section */

/* Begin PBXFileReference section */
		DFE4571B204531CA00680A35 /* Video Player.app */ = {isa = PBXFileReference; explicitFileType = wrapper.application; includeInIndex = 0; path = "Video Player.app"; sourceTree = BUILT_PRODUCTS_DIR; };
		DFE4571E204531CA00680A35 /* AppDelegate.swift */ = {isa = PBXFileReference; lastKnownFileType = sourcecode.swift; path = AppDelegate.swift; sourceTree = "<group>"; };
		DFE45720204531CA00680A35 /* ViewController.swift */ = {isa = PBXFileReference; lastKnownFileType = sourcecode.swift; path = ViewController.swift; sourceTree = "<group>"; };
		DFE45723204531CA00680A35 /* Base */ = {isa = PBXFileReference; lastKnownFileType = file.storyboard; name = Base; path = Base.lproj/Main.storyboard; sourceTree = "<group>"; };
		DFE45725204531CA00680A35 /* Assets.xcassets */ = {isa = PBXFileReference; lastKnownFileType = folder.assetcatalog; path = Assets.xcassets; sourceTree = "<group>"; };
		DFE45728204531CA00680A35 /* Base */ = {isa = PBXFileReference; lastKnownFileType = file.storyboard; name = Base; path = Base.lproj/LaunchScreen.storyboard; sourceTree = "<group>"; };
		DFE4572A204531CB00680A35 /* Info.plist */ = {isa = PBXFileReference; lastKnownFileType = text.plist.xml; path = Info.plist; sourceTree = "<group>"; };
		DFE45730204534D700680A35 /* SiaChandelier.mp3 */ = {isa = PBXFileReference; lastKnownFileType = audio.mp3; path = SiaChandelier.mp3; sourceTree = "<group>"; };
		DFE4575020453F4100680A35 /* videoplayer.png */ = {isa = PBXFileReference; lastKnownFileType = image.png; path = videoplayer.png; sourceTree = "<group>"; };
/* End PBXFileReference section */

/* Begin PBXFrameworksBuildPhase section */
		DFE45718204531CA00680A35 /* Frameworks */ = {
			isa = PBXFrameworksBuildPhase;
			buildActionMask = 2147483647;
			files = (
			);
			runOnlyForDeploymentPostprocessing = 0;
		};
/* End PBXFrameworksBuildPhase section */

/* Begin PBXGroup section */
		DFE45712204531CA00680A35 = {
			isa = PBXGroup;
			children = (
				DFE45730204534D700680A35 /* SiaChandelier.mp3 */,
				DFE4571D204531CA00680A35 /* videoPlayer */,
				DFE4571C204531CA00680A35 /* Products */,
			);
			sourceTree = "<group>";
		};
		DFE4571C204531CA00680A35 /* Products */ = {
			isa = PBXGroup;
			children = (
				DFE4571B204531CA00680A35 /* Video Player.app */,
			);
			name = Products;
			sourceTree = "<group>";
		};
		DFE4571D204531CA00680A35 /* videoPlayer */ = {
			isa = PBXGroup;
			children = (
				DFE4571E204531CA00680A35 /* AppDelegate.swift */,
				DFE45720204531CA00680A35 /* ViewController.swift */,
				DFE45722204531CA00680A35 /* Main.storyboard */,
				DFE45725204531CA00680A35 /* Assets.xcassets */,
				DFE4575020453F4100680A35 /* videoplayer.png */,
				DFE45727204531CA00680A35 /* LaunchScreen.storyboard */,
				DFE4572A204531CB00680A35 /* Info.plist */,
			);
			path = videoPlayer;
			sourceTree = "<group>";
		};
/* End PBXGroup section */

/* Begin PBXNativeTarget section */
		DFE4571A204531CA00680A35 /* Video Player */ = {
			isa = PBXNativeTarget;
			buildConfigurationList = DFE4572D204531CB00680A35 /* Build configuration list for PBXNativeTarget "Video Player" */;
			buildPhases = (
				DFE45717204531CA00680A35 /* Sources */,
				DFE45718204531CA00680A35 /* Frameworks */,
				DFE45719204531CA00680A35 /* Resources */,
			);
			buildRules = (
			);
			dependencies = (
			);
			name = "Video Player";
			productName = "Video Player";
			productReference = DFE4571B204531CA00680A35 /* Video Player.app */;
			productType = "com.apple.product-type.application";
		};
/* End PBXNativeTarget section */

/* Begin PBXProject section */
		DFE45713204531CA00680A35 /* Project object */ = {
			isa = PBXProject;
			attributes = {
				LastSwiftUpdateCheck = 0920;
				LastUpgradeCheck = 0920;
				ORGANIZATIONNAME = devsmitp;
				TargetAttributes = {
					DFE4571A204531CA00680A35 = {
						CreatedOnToolsVersion = 9.2;
						ProvisioningStyle = Automatic;
					};
				};
			};
			buildConfigurationList = DFE45716204531CA00680A35 /* Build configuration list for PBXProject "Video Player" */;
			compatibilityVersion = "Xcode 8.0";
			developmentRegion = en;
			hasScannedForEncodings = 0;
			knownRegions = (
				en,
				Base,
			);
			mainGroup = DFE45712204531CA00680A35;
			productRefGroup = DFE4571C204531CA00680A35 /* Products */;
			projectDirPath = "";
			projectRoot = "";
			targets = (
				DFE4571A204531CA00680A35 /* Video Player */,
			);
		};
/* End PBXProject section */

/* Begin PBXResourcesBuildPhase section */
		DFE45719204531CA00680A35 /* Resources */ = {
			isa = PBXResourcesBuildPhase;
			buildActionMask = 2147483647;
			files = (
				DFE45731204534D700680A35 /* SiaChandelier.mp3 in Resources */,
				DFE45729204531CA00680A35 /* LaunchScreen.storyboard in Resources */,
				DFE45726204531CA00680A35 /* Assets.xcassets in Resources */,
				DFE45724204531CA00680A35 /* Main.storyboard in Resources */,
				DFE4575120453F4100680A35 /* videoplayer.png in Resources */,
			);
			runOnlyForDeploymentPostprocessing = 0;
		};
/* End PBXResourcesBuildPhase section */

/* Begin PBXSourcesBuildPhase section */
		DFE45717204531CA00680A35 /* Sources */ = {
			isa = PBXSourcesBuildPhase;
			buildActionMask = 2147483647;
			files = (
				DFE45721204531CA00680A35 /* ViewController.swift in Sources */,
				DFE4571F204531CA00680A35 /* AppDelegate.swift in Sources */,
			);
			runOnlyForDeploymentPostprocessing = 0;
		};
/* End PBXSourcesBuildPhase section */

/* Begin PBXVariantGroup section */
		DFE45722204531CA00680A35 /* Main.storyboard */ = {
			isa = PBXVariantGroup;
			children = (
				DFE45723204531CA00680A35 /* Base */,
			);
			name = Main.storyboard;
			sourceTree = "<group>";
		};
		DFE45727204531CA00680A35 /* LaunchScreen.storyboard */ = {
			isa = PBXVariantGroup;
			children = (
				DFE45728204531CA00680A35 /* Base */,
			);
			name = LaunchScreen.storyboard;
			sourceTree = "<group>";
		};
/* End PBXVariantGroup section */

/* Begin XCBuildConfiguration section */
		DFE4572B204531CB00680A35 /* Debug */ = {
			isa = XCBuildConfiguration;
			buildSettings = {
				ALWAYS_SEARCH_USER_PATHS = NO;
				CLANG_ANALYZER_NONNULL = YES;
				CLANG_ANALYZER_NUMBER_OBJECT_CONVERSION = YES_AGGRESSIVE;
				CLANG_CXX_LANGUAGE_STANDARD = "gnu++14";
				CLANG_CXX_LIBRARY = "libc++";
				CLANG_ENABLE_MODULES = YES;
				CLANG_ENABLE_OBJC_ARC = YES;
				CLANG_WARN_BLOCK_CAPTURE_AUTORELEASING = YES;
				CLANG_WARN_BOOL_CONVERSION = YES;
				CLANG_WARN_COMMA = YES;
				CLANG_WARN_CONSTANT_CONVERSION = YES;
				CLANG_WARN_DIRECT_OBJC_ISA_USAGE = YES_ERROR;
				CLANG_WARN_DOCUMENTATION_COMMENTS = YES;
				CLANG_WARN_EMPTY_BODY = YES;
				CLANG_WARN_ENUM_CONVERSION = YES;
				CLANG_WARN_INFINITE_RECURSION = YES;
				CLANG_WARN_INT_CONVERSION = YES;
				CLANG_WARN_NON_LITERAL_NULL_CONVERSION = YES;
				CLANG_WARN_OBJC_LITERAL_CONVERSION = YES;
				CLANG_WARN_OBJC_ROOT_CLASS = YES_ERROR;
				CLANG_WARN_RANGE_LOOP_ANALYSIS = YES;
				CLANG_WARN_STRICT_PROTOTYPES = YES;
				CLANG_WARN_SUSPICIOUS_MOVE = YES;
				CLANG_WARN_UNGUARDED_AVAILABILITY = YES_AGGRESSIVE;
				CLANG_WARN_UNREACHABLE_CODE = YES;
				CLANG_WARN__DUPLICATE_METHOD_MATCH = YES;
				CODE_SIGN_IDENTITY = "iPhone Developer";
				COPY_PHASE_STRIP = NO;
				DEBUG_INFORMATION_FORMAT = dwarf;
				ENABLE_STRICT_OBJC_MSGSEND = YES;
				ENABLE_TESTABILITY = YES;
				GCC_C_LANGUAGE_STANDARD = gnu11;
				GCC_DYNAMIC_NO_PIC = NO;
				GCC_NO_COMMON_BLOCKS = YES;
				GCC_OPTIMIZATION_LEVEL = 0;
				GCC_PREPROCESSOR_DEFINITIONS = (
					"DEBUG=1",
					"$(inherited)",
				);
				GCC_WARN_64_TO_32_BIT_CONVERSION = YES;
				GCC_WARN_ABOUT_RETURN_TYPE = YES_ERROR;
				GCC_WARN_UNDECLARED_SELECTOR = YES;
				GCC_WARN_UNINITIALIZED_AUTOS = YES_AGGRESSIVE;
				GCC_WARN_UNUSED_FUNCTION = YES;
				GCC_WARN_UNUSED_VARIABLE = YES;
				IPHONEOS_DEPLOYMENT_TARGET = 11.2;
				MTL_ENABLE_DEBUG_INFO = YES;
				ONLY_ACTIVE_ARCH = YES;
				SDKROOT = iphoneos;
				SWIFT_ACTIVE_COMPILATION_CONDITIONS = DEBUG;
				SWIFT_OPTIMIZATION_LEVEL = "-Onone";
			};
			name = Debug;
		};
		DFE4572C204531CB00680A35 /* Release */ = {
			isa = XCBuildConfiguration;
			buildSettings = {
				ALWAYS_SEARCH_USER_PATHS = NO;
				CLANG_ANALYZER_NONNULL = YES;
				CLANG_ANALYZER_NUMBER_OBJECT_CONVERSION = YES_AGGRESSIVE;
				CLANG_CXX_LANGUAGE_STANDARD = "gnu++14";
				CLANG_CXX_LIBRARY = "libc++";
				CLANG_ENABLE_MODULES = YES;
				CLANG_ENABLE_OBJC_ARC = YES;
				CLANG_WARN_BLOCK_CAPTURE_AUTORELEASING = YES;
				CLANG_WARN_BOOL_CONVERSION = YES;
				CLANG_WARN_COMMA = YES;
				CLANG_WARN_CONSTANT_CONVERSION = YES;
				CLANG_WARN_DIRECT_OBJC_ISA_USAGE = YES_ERROR;
				CLANG_WARN_DOCUMENTATION_COMMENTS = YES;
				CLANG_WARN_EMPTY_BODY = YES;
				CLANG_WARN_ENUM_CONVERSION = YES;
				CLANG_WARN_INFINITE_RECURSION = YES;
				CLANG_WARN_INT_CONVERSION = YES;
				CLANG_WARN_NON_LITERAL_NULL_CONVERSION = YES;
				CLANG_WARN_OBJC_LITERAL_CONVERSION = YES;
				CLANG_WARN_OBJC_ROOT_CLASS = YES_ERROR;
				CLANG_WARN_RANGE_LOOP_ANALYSIS = YES;
				CLANG_WARN_STRICT_PROTOTYPES = YES;
				CLANG_WARN_SUSPICIOUS_MOVE = YES;
				CLANG_WARN_UNGUARDED_AVAILABILITY = YES_AGGRESSIVE;
				CLANG_WARN_UNREACHABLE_CODE = YES;
				CLANG_WARN__DUPLICATE_METHOD_MATCH = YES;
				CODE_SIGN_IDENTITY = "iPhone Developer";
				COPY_PHASE_STRIP = NO;
				DEBUG_INFORMATION_FORMAT = "dwarf-with-dsym";
				ENABLE_NS_ASSERTIONS = NO;
				ENABLE_STRICT_OBJC_MSGSEND = YES;
				GCC_C_LANGUAGE_STANDARD = gnu11;
				GCC_NO_COMMON_BLOCKS = YES;
				GCC_WARN_64_TO_32_BIT_CONVERSION = YES;
				GCC_WARN_ABOUT_RETURN_TYPE = YES_ERROR;
				GCC_WARN_UNDECLARED_SELECTOR = YES;
				GCC_WARN_UNINITIALIZED_AUTOS = YES_AGGRESSIVE;
				GCC_WARN_UNUSED_FUNCTION = YES;
				GCC_WARN_UNUSED_VARIABLE = YES;
				IPHONEOS_DEPLOYMENT_TARGET = 11.2;
				MTL_ENABLE_DEBUG_INFO = NO;
				SDKROOT = iphoneos;
				SWIFT_OPTIMIZATION_LEVEL = "-Owholemodule";
				VALIDATE_PRODUCT = YES;
			};
			name = Release;
		};
		DFE4572E204531CB00680A35 /* Debug */ = {
			isa = XCBuildConfiguration;
			buildSettings = {
				ASSETCATALOG_COMPILER_APPICON_NAME = AppIcon;
				CODE_SIGN_STYLE = Automatic;
				INFOPLIST_FILE = "Video Player/Info.plist";
				LD_RUNPATH_SEARCH_PATHS = "$(inherited) @executable_path/Frameworks";
				PRODUCT_BUNDLE_IDENTIFIER = "com.devsmitp.Video-Player";
				PRODUCT_NAME = "$(TARGET_NAME)";
				SWIFT_VERSION = 4.0;
				TARGETED_DEVICE_FAMILY = "1,2";
			};
			name = Debug;
		};
		DFE4572F204531CB00680A35 /* Release */ = {
			isa = XCBuildConfiguration;
			buildSettings = {
				ASSETCATALOG_COMPILER_APPICON_NAME = AppIcon;
				CODE_SIGN_STYLE = Automatic;
				INFOPLIST_FILE = "Video Player/Info.plist";
				LD_RUNPATH_SEARCH_PATHS = "$(inherited) @executable_path/Frameworks";
				PRODUCT_BUNDLE_IDENTIFIER = "com.devsmitp.Video-Player";
				PRODUCT_NAME = "$(TARGET_NAME)";
				SWIFT_VERSION = 4.0;
				TARGETED_DEVICE_FAMILY = "1,2";
			};
			name = Release;
		};
/* End XCBuildConfiguration section */

/* Begin XCConfigurationList section */
		DFE45716204531CA00680A35 /* Build configuration list for PBXProject "Video Player" */ = {
			isa = XCConfigurationList;
			buildConfigurations = (
				DFE4572B204531CB00680A35 /* Debug */,
				DFE4572C204531CB00680A35 /* Release */,
			);
			defaultConfigurationIsVisible = 0;
			defaultConfigurationName = Release;
		};
		DFE4572D204531CB00680A35 /* Build configuration list for PBXNativeTarget "Video Player" */ = {
			isa = XCConfigurationList;
			buildConfigurations = (
				DFE4572E204531CB00680A35 /* Debug */,
				DFE4572F204531CB00680A35 /* Release */,
			);
			defaultConfigurationIsVisible = 0;
			defaultConfigurationName = Release;
		};
/* End XCConfigurationList section */
	};
	rootObject = DFE45713204531CA00680A35 /* Project object */;
}
